
Microsoft Visual Studio Solution File, Format Version 12.00
# Visual Studio Version 16
VisualStudioVersion = 16.0.29728.190
MinimumVisualStudioVersion = 10.0.40219.1
Project("{9A19103F-16F7-4668-BE54-9A1E7A4F7556}") = "CorsApiSample", "CorsApiSample.csproj", "{1433D602-7AF2-4BF7-9F8A-AC85E3C29E00}"
EndProject
Project("{FAE04EC0-301F-11D3-BF4B-00C04F79EFBC}") = "CorsWebSample", "..\CorsWebSample\CorsWebSample.csproj", "{F18CF7C5-CD47-4C1F-94C1-BFD9852B20EC}"
EndProject
Global
	GlobalSection(SolutionConfigurationPlatforms) = preSolution
		Debug|Any CPU = Debug|Any CPU
		Release|Any CPU = Release|Any CPU
	EndGlobalSection
	GlobalSection(ProjectConfigurationPlatforms) = postSolution
		{1433D602-7AF2-4BF7-9F8A-AC85E3C29E00}.Debug|Any CPU.ActiveCfg = Debug|Any CPU
		{1433D602-7AF2-4BF7-9F8A-AC85E3C29E00}.Debug|Any CPU.Build.0 = Debug|Any CPU
		{1433D602-7AF2-4BF7-9F8A-AC85E3C29E00}.Release|Any CPU.ActiveCfg = Release|Any CPU
		{1433D602-7AF2-4BF7-9F8A-AC85E3C29E00}.Release|Any CPU.Build.0 = Release|Any CPU
		{F18CF7C5-CD47-4C1F-94C1-BFD9852B20EC}.Debug|Any CPU.ActiveCfg = Debug|Any CPU
		{F18CF7C5-CD47-4C1F-94C1-BFD9852B20EC}.Debug|Any CPU.Build.0 = Debug|Any CPU
		{F18CF7C5-CD47-4C1F-94C1-BFD9852B20EC}.Release|Any CPU.ActiveCfg = Release|Any CPU
		{F18CF7C5-CD47-4C1F-94C1-BFD9852B20EC}.Release|Any CPU.Build.0 = Release|Any CPU
	EndGlobalSection
	GlobalSection(SolutionProperties) = preSolution
		HideSolutionNode = FALSE
	EndGlobalSection
	GlobalSection(ExtensibilityGlobals) = postSolution
		SolutionGuid = {CE3CD031-3D24-4600-89AC-90089E2309F7}
	EndGlobalSection
EndGlobal
