
Microsoft Visual Studio Solution File, Format Version 12.00
# Visual Studio Version 16
VisualStudioVersion = 16.0.29728.190
MinimumVisualStudioVersion = 10.0.40219.1
Project("{9A19103F-16F7-4668-BE54-9A1E7A4F7556}") = "ErrorHandleSample", "ErrorHandleSample.csproj", "{5E75ED0A-7F4F-4FE5-BA3B-4329F3260450}"
EndProject
Global
	GlobalSection(SolutionConfigurationPlatforms) = preSolution
		Debug|Any CPU = Debug|Any CPU
		Release|Any CPU = Release|Any CPU
	EndGlobalSection
	GlobalSection(ProjectConfigurationPlatforms) = postSolution
		{5E75ED0A-7F4F-4FE5-BA3B-4329F3260450}.Debug|Any CPU.ActiveCfg = Debug|Any CPU
		{5E75ED0A-7F4F-4FE5-BA3B-4329F3260450}.Debug|Any CPU.Build.0 = Debug|Any CPU
		{5E75ED0A-7F4F-4FE5-BA3B-4329F3260450}.Release|Any CPU.ActiveCfg = Release|Any CPU
		{5E75ED0A-7F4F-4FE5-BA3B-4329F3260450}.Release|Any CPU.Build.0 = Release|Any CPU
	EndGlobalSection
	GlobalSection(SolutionProperties) = preSolution
		HideSolutionNode = FALSE
	EndGlobalSection
	GlobalSection(ExtensibilityGlobals) = postSolution
		SolutionGuid = {BE5560F3-1800-4C15-AE2C-F0AB0413E670}
	EndGlobalSection
EndGlobal
