
Microsoft Visual Studio Solution File, Format Version 12.00
# Visual Studio Version 16
VisualStudioVersion = 16.0.29728.190
MinimumVisualStudioVersion = 10.0.40219.1
Project("{FAE04EC0-301F-11D3-BF4B-00C04F79EFBC}") = "WebApplication1", "WebApplication1\WebApplication1.csproj", "{0F75F6FF-06F9-47C8-8638-7BDF86720FCA}"
EndProject
Global
	GlobalSection(SolutionConfigurationPlatforms) = preSolution
		Debug|Any CPU = Debug|Any CPU
		Release|Any CPU = Release|Any CPU
	EndGlobalSection
	GlobalSection(ProjectConfigurationPlatforms) = postSolution
		{0F75F6FF-06F9-47C8-8638-7BDF86720FCA}.Debug|Any CPU.ActiveCfg = Debug|Any CPU
		{0F75F6FF-06F9-47C8-8638-7BDF86720FCA}.Debug|Any CPU.Build.0 = Debug|Any CPU
		{0F75F6FF-06F9-47C8-8638-7BDF86720FCA}.Release|Any CPU.ActiveCfg = Release|Any CPU
		{0F75F6FF-06F9-47C8-8638-7BDF86720FCA}.Release|Any CPU.Build.0 = Release|Any CPU
	EndGlobalSection
	GlobalSection(SolutionProperties) = preSolution
		HideSolutionNode = FALSE
	EndGlobalSection
	GlobalSection(ExtensibilityGlobals) = postSolution
		SolutionGuid = {7292468E-7EC6-451B-9AAF-7E5484F5A1B3}
	EndGlobalSection
EndGlobal
