
Microsoft Visual Studio Solution File, Format Version 12.00
# Visual Studio Version 16
VisualStudioVersion = 16.0.29728.190
MinimumVisualStudioVersion = 10.0.40219.1
Project("{9A19103F-16F7-4668-BE54-9A1E7A4F7556}") = "MakeHttpSample", "MakeHttpSample.csproj", "{052F9680-CFB5-4C5E-86DD-9D642E205C28}"
EndProject
Global
	GlobalSection(SolutionConfigurationPlatforms) = preSolution
		Debug|Any CPU = Debug|Any CPU
		Release|Any CPU = Release|Any CPU
	EndGlobalSection
	GlobalSection(ProjectConfigurationPlatforms) = postSolution
		{052F9680-CFB5-4C5E-86DD-9D642E205C28}.Debug|Any CPU.ActiveCfg = Debug|Any CPU
		{052F9680-CFB5-4C5E-86DD-9D642E205C28}.Debug|Any CPU.Build.0 = Debug|Any CPU
		{052F9680-CFB5-4C5E-86DD-9D642E205C28}.Release|Any CPU.ActiveCfg = Release|Any CPU
		{052F9680-CFB5-4C5E-86DD-9D642E205C28}.Release|Any CPU.Build.0 = Release|Any CPU
	EndGlobalSection
	GlobalSection(SolutionProperties) = preSolution
		HideSolutionNode = FALSE
	EndGlobalSection
	GlobalSection(ExtensibilityGlobals) = postSolution
		SolutionGuid = {D53D35CA-3637-4080-BB36-9E187E488A14}
	EndGlobalSection
EndGlobal
