
Microsoft Visual Studio Solution File, Format Version 12.00
# Visual Studio Version 16
VisualStudioVersion = 16.0.29728.190
MinimumVisualStudioVersion = 10.0.40219.1
Project("{FAE04EC0-301F-11D3-BF4B-00C04F79EFBC}") = "Demo", "Demo\Demo.csproj", "{191E2DEB-9425-4653-B287-2AA28F9B34E9}"
EndProject
Global
	GlobalSection(SolutionConfigurationPlatforms) = preSolution
		Debug|Any CPU = Debug|Any CPU
		Release|Any CPU = Release|Any CPU
	EndGlobalSection
	GlobalSection(ProjectConfigurationPlatforms) = postSolution
		{191E2DEB-9425-4653-B287-2AA28F9B34E9}.Debug|Any CPU.ActiveCfg = Debug|Any CPU
		{191E2DEB-9425-4653-B287-2AA28F9B34E9}.Debug|Any CPU.Build.0 = Debug|Any CPU
		{191E2DEB-9425-4653-B287-2AA28F9B34E9}.Release|Any CPU.ActiveCfg = Release|Any CPU
		{191E2DEB-9425-4653-B287-2AA28F9B34E9}.Release|Any CPU.Build.0 = Release|Any CPU
	EndGlobalSection
	GlobalSection(SolutionProperties) = preSolution
		HideSolutionNode = FALSE
	EndGlobalSection
	GlobalSection(ExtensibilityGlobals) = postSolution
		SolutionGuid = {586D7AD2-82DC-421D-8A93-5037B599F2B7}
	EndGlobalSection
EndGlobal
