
Microsoft Visual Studio Solution File, Format Version 12.00
# Visual Studio Version 16
VisualStudioVersion = 16.0.29728.190
MinimumVisualStudioVersion = 10.0.40219.1
Project("{FAE04EC0-301F-11D3-BF4B-00C04F79EFBC}") = "ConsoleApp1", "ConsoleApp1\ConsoleApp1.csproj", "{9E944C25-F76B-4E65-9C79-480A102A8A59}"
EndProject
Global
	GlobalSection(SolutionConfigurationPlatforms) = preSolution
		Debug|Any CPU = Debug|Any CPU
		Release|Any CPU = Release|Any CPU
	EndGlobalSection
	GlobalSection(ProjectConfigurationPlatforms) = postSolution
		{9E944C25-F76B-4E65-9C79-480A102A8A59}.Debug|Any CPU.ActiveCfg = Debug|Any CPU
		{9E944C25-F76B-4E65-9C79-480A102A8A59}.Debug|Any CPU.Build.0 = Debug|Any CPU
		{9E944C25-F76B-4E65-9C79-480A102A8A59}.Release|Any CPU.ActiveCfg = Release|Any CPU
		{9E944C25-F76B-4E65-9C79-480A102A8A59}.Release|Any CPU.Build.0 = Release|Any CPU
	EndGlobalSection
	GlobalSection(SolutionProperties) = preSolution
		HideSolutionNode = FALSE
	EndGlobalSection
	GlobalSection(ExtensibilityGlobals) = postSolution
		SolutionGuid = {003001AE-61B5-46DA-BD20-356F59B66ADF}
	EndGlobalSection
EndGlobal
