
Microsoft Visual Studio Solution File, Format Version 12.00
# Visual Studio Version 16
VisualStudioVersion = 16.0.29728.190
MinimumVisualStudioVersion = 10.0.40219.1
Project("{2150E333-8FDC-42A3-9474-1A3956D46DE8}") = "doc", "doc", "{9E76CE21-933E-4F22-AC56-1BDC5D5E9A75}"
	ProjectSection(SolutionItems) = preProject
		需求.txt = 需求.txt
	EndProjectSection
EndProject
Project("{FAE04EC0-301F-11D3-BF4B-00C04F79EFBC}") = "TennisGame.Library", "TennisGame.Library\TennisGame.Library.csproj", "{52C4804C-1C2D-4FB8-8D3F-422ACFE315EB}"
EndProject
Project("{FAE04EC0-301F-11D3-BF4B-00C04F79EFBC}") = "TennisGame.Library.Tests", "TennisGame.Tests\TennisGame.Library.Tests.csproj", "{1377DC4E-1A6D-4757-9C06-FFE3EE3A5D03}"
EndProject
Global
	GlobalSection(SolutionConfigurationPlatforms) = preSolution
		Debug|Any CPU = Debug|Any CPU
		Release|Any CPU = Release|Any CPU
	EndGlobalSection
	GlobalSection(ProjectConfigurationPlatforms) = postSolution
		{52C4804C-1C2D-4FB8-8D3F-422ACFE315EB}.Debug|Any CPU.ActiveCfg = Debug|Any CPU
		{52C4804C-1C2D-4FB8-8D3F-422ACFE315EB}.Debug|Any CPU.Build.0 = Debug|Any CPU
		{52C4804C-1C2D-4FB8-8D3F-422ACFE315EB}.Release|Any CPU.ActiveCfg = Release|Any CPU
		{52C4804C-1C2D-4FB8-8D3F-422ACFE315EB}.Release|Any CPU.Build.0 = Release|Any CPU
		{1377DC4E-1A6D-4757-9C06-FFE3EE3A5D03}.Debug|Any CPU.ActiveCfg = Debug|Any CPU
		{1377DC4E-1A6D-4757-9C06-FFE3EE3A5D03}.Debug|Any CPU.Build.0 = Debug|Any CPU
		{1377DC4E-1A6D-4757-9C06-FFE3EE3A5D03}.Release|Any CPU.ActiveCfg = Release|Any CPU
		{1377DC4E-1A6D-4757-9C06-FFE3EE3A5D03}.Release|Any CPU.Build.0 = Release|Any CPU
	EndGlobalSection
	GlobalSection(SolutionProperties) = preSolution
		HideSolutionNode = FALSE
	EndGlobalSection
	GlobalSection(ExtensibilityGlobals) = postSolution
		SolutionGuid = {6D206F02-B587-4A4D-96F3-1C16D3D2C6F8}
	EndGlobalSection
EndGlobal
