
Microsoft Visual Studio Solution File, Format Version 12.00
# Visual Studio Version 16
VisualStudioVersion = 16.0.29728.190
MinimumVisualStudioVersion = 10.0.40219.1
Project("{FAE04EC0-301F-11D3-BF4B-00C04F79EFBC}") = "PeterReportDemo", "PeterReportDemo\PeterReportDemo.csproj", "{DB9E5722-6508-46E4-956C-A593D7D00520}"
EndProject
Global
	GlobalSection(SolutionConfigurationPlatforms) = preSolution
		Debug|Any CPU = Debug|Any CPU
		Release|Any CPU = Release|Any CPU
	EndGlobalSection
	GlobalSection(ProjectConfigurationPlatforms) = postSolution
		{DB9E5722-6508-46E4-956C-A593D7D00520}.Debug|Any CPU.ActiveCfg = Debug|Any CPU
		{DB9E5722-6508-46E4-956C-A593D7D00520}.Debug|Any CPU.Build.0 = Debug|Any CPU
		{DB9E5722-6508-46E4-956C-A593D7D00520}.Release|Any CPU.ActiveCfg = Release|Any CPU
		{DB9E5722-6508-46E4-956C-A593D7D00520}.Release|Any CPU.Build.0 = Release|Any CPU
	EndGlobalSection
	GlobalSection(SolutionProperties) = preSolution
		HideSolutionNode = FALSE
	EndGlobalSection
	GlobalSection(ExtensibilityGlobals) = postSolution
		SolutionGuid = {9445B335-707E-48D3-BB1F-49513FB733FC}
	EndGlobalSection
EndGlobal
